
Microsoft Visual Studio Solution File, Format Version 12.00
# Visual Studio Version 17
VisualStudioVersion = 17.0.32014.148
MinimumVisualStudioVersion = 10.0.40219.1
Project("{FAE04EC0-301F-11D3-BF4B-00C04F79EFBC}") = "ConsoleApp1", "ConsoleApp1\ConsoleApp1.csproj", "{983164AF-8BF5-48B7-87EF-654F338BB0CF}"
EndProject
Global
	GlobalSection(SolutionConfigurationPlatforms) = preSolution
		Debug|Any CPU = Debug|Any CPU
		Release|Any CPU = Release|Any CPU
	EndGlobalSection
	GlobalSection(ProjectConfigurationPlatforms) = postSolution
		{983164AF-8BF5-48B7-87EF-654F338BB0CF}.Debug|Any CPU.ActiveCfg = Debug|Any CPU
		{983164AF-8BF5-48B7-87EF-654F338BB0CF}.Debug|Any CPU.Build.0 = Debug|Any CPU
		{983164AF-8BF5-48B7-87EF-654F338BB0CF}.Release|Any CPU.ActiveCfg = Release|Any CPU
		{983164AF-8BF5-48B7-87EF-654F338BB0CF}.Release|Any CPU.Build.0 = Release|Any CPU
	EndGlobalSection
	GlobalSection(SolutionProperties) = preSolution
		HideSolutionNode = FALSE
	EndGlobalSection
	GlobalSection(ExtensibilityGlobals) = postSolution
		SolutionGuid = {035F32A7-D414-4770-A3D6-4C115CA5129D}
	EndGlobalSection
EndGlobal
