
Microsoft Visual Studio Solution File, Format Version 12.00
# Visual Studio Version 17
VisualStudioVersion = 17.5.33103.201
MinimumVisualStudioVersion = 10.0.40219.1
Project("{2150E333-8FDC-42A3-9474-1A3956D46DE8}") = "M2", "M2", "{4480BE3F-5DDB-4460-94F6-5F7FD4C812C8}"
	ProjectSection(SolutionItems) = preProject
		M2\L1\L1.csproj = M2\L1\L1.csproj
		M2\L2\L2.csproj = M2\L2\L2.csproj
		M2\L3\L3.csproj = M2\L3\L3.csproj
		M2\L4\L4.csproj = M2\L4\L4.csproj
		M2\l5\L5.csproj = M2\l5\L5.csproj
	EndProjectSection
EndProject
Project("{2150E333-8FDC-42A3-9474-1A3956D46DE8}") = "M3", "M3", "{EA8EC45C-D430-4847-A55C-366E0E35C026}"
EndProject
Project("{9A19103F-16F7-4668-BE54-9A1E7A4F7556}") = "L1", "M3\L1\L1.csproj", "{787B5BD3-64BD-4B6B-8108-B6BC6DF65E81}"
EndProject
Project("{9A19103F-16F7-4668-BE54-9A1E7A4F7556}") = "L2", "M3\L2\L2\L2.csproj", "{7809E210-B55D-43AB-B4DD-42E3EDA72729}"
EndProject
Project("{FAE04EC0-301F-11D3-BF4B-00C04F79EFBC}") = "L3", "M3\L3\L3\L3.csproj", "{D027873B-CABC-4B74-92CB-EC7829B60ECE}"
EndProject
Global
	GlobalSection(SolutionConfigurationPlatforms) = preSolution
		Debug|Any CPU = Debug|Any CPU
		Release|Any CPU = Release|Any CPU
	EndGlobalSection
	GlobalSection(ProjectConfigurationPlatforms) = postSolution
		{787B5BD3-64BD-4B6B-8108-B6BC6DF65E81}.Debug|Any CPU.ActiveCfg = Debug|Any CPU
		{787B5BD3-64BD-4B6B-8108-B6BC6DF65E81}.Debug|Any CPU.Build.0 = Debug|Any CPU
		{787B5BD3-64BD-4B6B-8108-B6BC6DF65E81}.Release|Any CPU.ActiveCfg = Release|Any CPU
		{787B5BD3-64BD-4B6B-8108-B6BC6DF65E81}.Release|Any CPU.Build.0 = Release|Any CPU
		{7809E210-B55D-43AB-B4DD-42E3EDA72729}.Debug|Any CPU.ActiveCfg = Debug|Any CPU
		{7809E210-B55D-43AB-B4DD-42E3EDA72729}.Debug|Any CPU.Build.0 = Debug|Any CPU
		{7809E210-B55D-43AB-B4DD-42E3EDA72729}.Release|Any CPU.ActiveCfg = Release|Any CPU
		{7809E210-B55D-43AB-B4DD-42E3EDA72729}.Release|Any CPU.Build.0 = Release|Any CPU
		{D027873B-CABC-4B74-92CB-EC7829B60ECE}.Debug|Any CPU.ActiveCfg = Debug|Any CPU
		{D027873B-CABC-4B74-92CB-EC7829B60ECE}.Debug|Any CPU.Build.0 = Debug|Any CPU
		{D027873B-CABC-4B74-92CB-EC7829B60ECE}.Release|Any CPU.ActiveCfg = Release|Any CPU
		{D027873B-CABC-4B74-92CB-EC7829B60ECE}.Release|Any CPU.Build.0 = Release|Any CPU
	EndGlobalSection
	GlobalSection(SolutionProperties) = preSolution
		HideSolutionNode = FALSE
	EndGlobalSection
	GlobalSection(NestedProjects) = preSolution
		{787B5BD3-64BD-4B6B-8108-B6BC6DF65E81} = {EA8EC45C-D430-4847-A55C-366E0E35C026}
		{7809E210-B55D-43AB-B4DD-42E3EDA72729} = {EA8EC45C-D430-4847-A55C-366E0E35C026}
		{D027873B-CABC-4B74-92CB-EC7829B60ECE} = {EA8EC45C-D430-4847-A55C-366E0E35C026}
	EndGlobalSection
	GlobalSection(ExtensibilityGlobals) = postSolution
		SolutionGuid = {7C850258-7D33-40C8-9740-8B66093E5920}
	EndGlobalSection
EndGlobal
