
Microsoft Visual Studio Solution File, Format Version 12.00
# Visual Studio Version 17
VisualStudioVersion = 17.5.33103.201
MinimumVisualStudioVersion = 10.0.40219.1
Project("{2150E333-8FDC-42A3-9474-1A3956D46DE8}") = "M2", "M2", "{4480BE3F-5DDB-4460-94F6-5F7FD4C812C8}"
EndProject
Project("{9A19103F-16F7-4668-BE54-9A1E7A4F7556}") = "L1", "M2\L1.csproj", "{FDA9640E-7F6C-4E25-B4DD-A8EF099637EF}"
EndProject
Global
	GlobalSection(SolutionConfigurationPlatforms) = preSolution
		Debug|Any CPU = Debug|Any CPU
		Release|Any CPU = Release|Any CPU
	EndGlobalSection
	GlobalSection(ProjectConfigurationPlatforms) = postSolution
		{FDA9640E-7F6C-4E25-B4DD-A8EF099637EF}.Debug|Any CPU.ActiveCfg = Debug|Any CPU
		{FDA9640E-7F6C-4E25-B4DD-A8EF099637EF}.Debug|Any CPU.Build.0 = Debug|Any CPU
		{FDA9640E-7F6C-4E25-B4DD-A8EF099637EF}.Release|Any CPU.ActiveCfg = Release|Any CPU
		{FDA9640E-7F6C-4E25-B4DD-A8EF099637EF}.Release|Any CPU.Build.0 = Release|Any CPU
	EndGlobalSection
	GlobalSection(SolutionProperties) = preSolution
		HideSolutionNode = FALSE
	EndGlobalSection
	GlobalSection(NestedProjects) = preSolution
		{FDA9640E-7F6C-4E25-B4DD-A8EF099637EF} = {4480BE3F-5DDB-4460-94F6-5F7FD4C812C8}
	EndGlobalSection
	GlobalSection(ExtensibilityGlobals) = postSolution
		SolutionGuid = {7C850258-7D33-40C8-9740-8B66093E5920}
	EndGlobalSection
EndGlobal
