
Microsoft Visual Studio Solution File, Format Version 12.00
# Visual Studio Version 17
VisualStudioVersion = 17.5.33103.201
MinimumVisualStudioVersion = 10.0.40219.1
Project("{2150E333-8FDC-42A3-9474-1A3956D46DE8}") = "M2", "M2", "{4480BE3F-5DDB-4460-94F6-5F7FD4C812C8}"
EndProject
Project("{9A19103F-16F7-4668-BE54-9A1E7A4F7556}") = "L2", "M2\L2\L2.csproj", "{A5725BCC-7EAB-4583-BF74-89BE92A3C8EB}"
EndProject
Project("{9A19103F-16F7-4668-BE54-9A1E7A4F7556}") = "L1", "M2\L1\L1.csproj", "{C92701B2-D90D-4FE8-B294-613AF571E043}"
EndProject
Project("{9A19103F-16F7-4668-BE54-9A1E7A4F7556}") = "L3", "M2\L3\L3.csproj", "{04653053-9F66-423C-8C19-BCFD81F599E2}"
EndProject
Project("{9A19103F-16F7-4668-BE54-9A1E7A4F7556}") = "L4", "M2\L4\L4.csproj", "{1116E65C-D0DB-449F-88B0-AE93C54CD1D7}"
EndProject
Project("{9A19103F-16F7-4668-BE54-9A1E7A4F7556}") = "L5", "M2\l5\L5.csproj", "{0B2B61E1-E714-4851-AA55-ACCBB2621618}"
EndProject
Project("{2150E333-8FDC-42A3-9474-1A3956D46DE8}") = "M3", "M3", "{EA8EC45C-D430-4847-A55C-366E0E35C026}"
EndProject
Project("{9A19103F-16F7-4668-BE54-9A1E7A4F7556}") = "L1", "M3\L1\L1.csproj", "{787B5BD3-64BD-4B6B-8108-B6BC6DF65E81}"
EndProject
Project("{FAE04EC0-301F-11D3-BF4B-00C04F79EFBC}") = "L2", "M3\L2\L2\L2.csproj", "{7809E210-B55D-43AB-B4DD-42E3EDA72729}"
EndProject
Global
	GlobalSection(SolutionConfigurationPlatforms) = preSolution
		Debug|Any CPU = Debug|Any CPU
		Release|Any CPU = Release|Any CPU
	EndGlobalSection
	GlobalSection(ProjectConfigurationPlatforms) = postSolution
		{A5725BCC-7EAB-4583-BF74-89BE92A3C8EB}.Debug|Any CPU.ActiveCfg = Debug|Any CPU
		{A5725BCC-7EAB-4583-BF74-89BE92A3C8EB}.Debug|Any CPU.Build.0 = Debug|Any CPU
		{A5725BCC-7EAB-4583-BF74-89BE92A3C8EB}.Release|Any CPU.ActiveCfg = Release|Any CPU
		{A5725BCC-7EAB-4583-BF74-89BE92A3C8EB}.Release|Any CPU.Build.0 = Release|Any CPU
		{C92701B2-D90D-4FE8-B294-613AF571E043}.Debug|Any CPU.ActiveCfg = Debug|Any CPU
		{C92701B2-D90D-4FE8-B294-613AF571E043}.Debug|Any CPU.Build.0 = Debug|Any CPU
		{C92701B2-D90D-4FE8-B294-613AF571E043}.Release|Any CPU.ActiveCfg = Release|Any CPU
		{C92701B2-D90D-4FE8-B294-613AF571E043}.Release|Any CPU.Build.0 = Release|Any CPU
		{04653053-9F66-423C-8C19-BCFD81F599E2}.Debug|Any CPU.ActiveCfg = Debug|Any CPU
		{04653053-9F66-423C-8C19-BCFD81F599E2}.Debug|Any CPU.Build.0 = Debug|Any CPU
		{04653053-9F66-423C-8C19-BCFD81F599E2}.Release|Any CPU.ActiveCfg = Release|Any CPU
		{04653053-9F66-423C-8C19-BCFD81F599E2}.Release|Any CPU.Build.0 = Release|Any CPU
		{1116E65C-D0DB-449F-88B0-AE93C54CD1D7}.Debug|Any CPU.ActiveCfg = Debug|Any CPU
		{1116E65C-D0DB-449F-88B0-AE93C54CD1D7}.Debug|Any CPU.Build.0 = Debug|Any CPU
		{1116E65C-D0DB-449F-88B0-AE93C54CD1D7}.Release|Any CPU.ActiveCfg = Release|Any CPU
		{1116E65C-D0DB-449F-88B0-AE93C54CD1D7}.Release|Any CPU.Build.0 = Release|Any CPU
		{0B2B61E1-E714-4851-AA55-ACCBB2621618}.Debug|Any CPU.ActiveCfg = Debug|Any CPU
		{0B2B61E1-E714-4851-AA55-ACCBB2621618}.Debug|Any CPU.Build.0 = Debug|Any CPU
		{0B2B61E1-E714-4851-AA55-ACCBB2621618}.Release|Any CPU.ActiveCfg = Release|Any CPU
		{0B2B61E1-E714-4851-AA55-ACCBB2621618}.Release|Any CPU.Build.0 = Release|Any CPU
		{787B5BD3-64BD-4B6B-8108-B6BC6DF65E81}.Debug|Any CPU.ActiveCfg = Debug|Any CPU
		{787B5BD3-64BD-4B6B-8108-B6BC6DF65E81}.Debug|Any CPU.Build.0 = Debug|Any CPU
		{787B5BD3-64BD-4B6B-8108-B6BC6DF65E81}.Release|Any CPU.ActiveCfg = Release|Any CPU
		{787B5BD3-64BD-4B6B-8108-B6BC6DF65E81}.Release|Any CPU.Build.0 = Release|Any CPU
		{7809E210-B55D-43AB-B4DD-42E3EDA72729}.Debug|Any CPU.ActiveCfg = Debug|Any CPU
		{7809E210-B55D-43AB-B4DD-42E3EDA72729}.Debug|Any CPU.Build.0 = Debug|Any CPU
		{7809E210-B55D-43AB-B4DD-42E3EDA72729}.Release|Any CPU.ActiveCfg = Release|Any CPU
		{7809E210-B55D-43AB-B4DD-42E3EDA72729}.Release|Any CPU.Build.0 = Release|Any CPU
	EndGlobalSection
	GlobalSection(SolutionProperties) = preSolution
		HideSolutionNode = FALSE
	EndGlobalSection
	GlobalSection(NestedProjects) = preSolution
		{A5725BCC-7EAB-4583-BF74-89BE92A3C8EB} = {4480BE3F-5DDB-4460-94F6-5F7FD4C812C8}
		{C92701B2-D90D-4FE8-B294-613AF571E043} = {4480BE3F-5DDB-4460-94F6-5F7FD4C812C8}
		{04653053-9F66-423C-8C19-BCFD81F599E2} = {4480BE3F-5DDB-4460-94F6-5F7FD4C812C8}
		{1116E65C-D0DB-449F-88B0-AE93C54CD1D7} = {4480BE3F-5DDB-4460-94F6-5F7FD4C812C8}
		{0B2B61E1-E714-4851-AA55-ACCBB2621618} = {4480BE3F-5DDB-4460-94F6-5F7FD4C812C8}
		{787B5BD3-64BD-4B6B-8108-B6BC6DF65E81} = {EA8EC45C-D430-4847-A55C-366E0E35C026}
		{7809E210-B55D-43AB-B4DD-42E3EDA72729} = {EA8EC45C-D430-4847-A55C-366E0E35C026}
	EndGlobalSection
	GlobalSection(ExtensibilityGlobals) = postSolution
		SolutionGuid = {7C850258-7D33-40C8-9740-8B66093E5920}
	EndGlobalSection
EndGlobal
